
Microsoft Visual Studio Solution File, Format Version 12.00
# Visual Studio Version 16
VisualStudioVersion = 16.0.29728.190
MinimumVisualStudioVersion = 10.0.40219.1
Project("{FAE04EC0-301F-11D3-BF4B-00C04F79EFBC}") = "AlgorithmsAssessment1", "AlgorithmsAssessment1\AlgorithmsAssessment1.csproj", "{E1ED972E-1F1D-4851-8292-06A96C193C7E}"
EndProject
Global
	GlobalSection(SolutionConfigurationPlatforms) = preSolution
		Debug|Any CPU = Debug|Any CPU
		Release|Any CPU = Release|Any CPU
	EndGlobalSection
	GlobalSection(ProjectConfigurationPlatforms) = postSolution
		{E1ED972E-1F1D-4851-8292-06A96C193C7E}.Debug|Any CPU.ActiveCfg = Debug|Any CPU
		{E1ED972E-1F1D-4851-8292-06A96C193C7E}.Debug|Any CPU.Build.0 = Debug|Any CPU
		{E1ED972E-1F1D-4851-8292-06A96C193C7E}.Release|Any CPU.ActiveCfg = Release|Any CPU
		{E1ED972E-1F1D-4851-8292-06A96C193C7E}.Release|Any CPU.Build.0 = Release|Any CPU
	EndGlobalSection
	GlobalSection(SolutionProperties) = preSolution
		HideSolutionNode = FALSE
	EndGlobalSection
	GlobalSection(ExtensibilityGlobals) = postSolution
		SolutionGuid = {E5F3AFA0-2871-4BE9-AAF8-3EEF86C6F1AE}
	EndGlobalSection
EndGlobal
